// !$*UTF8*$!
{
	archiveVersion = 1;
	classes = {
	};
	objectVersion = 55;
	objects = {

/* Begin PBXBuildFile section */
		AF6DE73C2912A33D002A2EC8 /* AppDelegate.swift in Sources */ = {isa = PBXBuildFile; fileRef = AF6DE73B2912A33D002A2EC8 /* AppDelegate.swift */; };
		AF6DE7452912A33E002A2EC8 /* Assets.xcassets in Resources */ = {isa = PBXBuildFile; fileRef = AF6DE7442912A33E002A2EC8 /* Assets.xcassets */; };
		AF6DE7482912A33E002A2EC8 /* LaunchScreen.storyboard in Resources */ = {isa = PBXBuildFile; fileRef = AF6DE7462912A33E002A2EC8 /* LaunchScreen.storyboard */; };
		AF6DE7512912A490002A2EC8 /* HomeVC.swift in Sources */ = {isa = PBXBuildFile; fileRef = AF6DE74F2912A490002A2EC8 /* HomeVC.swift */; };
		AF6DE7522912A490002A2EC8 /* HomeVC.xib in Resources */ = {isa = PBXBuildFile; fileRef = AF6DE7502912A490002A2EC8 /* HomeVC.xib */; };
		AF6DE7552912A4AD002A2EC8 /* GameVC.swift in Sources */ = {isa = PBXBuildFile; fileRef = AF6DE7532912A4AD002A2EC8 /* GameVC.swift */; };
		AF6DE7562912A4AD002A2EC8 /* GameVC.xib in Resources */ = {isa = PBXBuildFile; fileRef = AF6DE7542912A4AD002A2EC8 /* GameVC.xib */; };
		AF84721B2915966A00A17837 /* SecondHomeVC.swift in Sources */ = {isa = PBXBuildFile; fileRef = AF8472192915966A00A17837 /* SecondHomeVC.swift */; };
		AF84721C2915966A00A17837 /* SecondHomeVC.xib in Resources */ = {isa = PBXBuildFile; fileRef = AF84721A2915966A00A17837 /* SecondHomeVC.xib */; };
		AF84721F2915967D00A17837 /* SecondGameVC.swift in Sources */ = {isa = PBXBuildFile; fileRef = AF84721D2915967D00A17837 /* SecondGameVC.swift */; };
		AF8472202915967D00A17837 /* SecondGameVC.xib in Resources */ = {isa = PBXBuildFile; fileRef = AF84721E2915967D00A17837 /* SecondGameVC.xib */; };
		AFD606762912E26300340A2B /* Jua-Regular.ttf in Resources */ = {isa = PBXBuildFile; fileRef = AFD606752912E26300340A2B /* Jua-Regular.ttf */; };
/* End PBXBuildFile section */

/* Begin PBXFileReference section */
		AF6DE7382912A33D002A2EC8 /* tic-tac-toe.app */ = {isa = PBXFileReference; explicitFileType = wrapper.application; includeInIndex = 0; path = "tic-tac-toe.app"; sourceTree = BUILT_PRODUCTS_DIR; };
		AF6DE73B2912A33D002A2EC8 /* AppDelegate.swift */ = {isa = PBXFileReference; lastKnownFileType = sourcecode.swift; path = AppDelegate.swift; sourceTree = "<group>"; };
		AF6DE7442912A33E002A2EC8 /* Assets.xcassets */ = {isa = PBXFileReference; lastKnownFileType = folder.assetcatalog; path = Assets.xcassets; sourceTree = "<group>"; };
		AF6DE7472912A33E002A2EC8 /* Base */ = {isa = PBXFileReference; lastKnownFileType = file.storyboard; name = Base; path = Base.lproj/LaunchScreen.storyboard; sourceTree = "<group>"; };
		AF6DE7492912A33E002A2EC8 /* Info.plist */ = {isa = PBXFileReference; lastKnownFileType = text.plist.xml; path = Info.plist; sourceTree = "<group>"; };
		AF6DE74F2912A490002A2EC8 /* HomeVC.swift */ = {isa = PBXFileReference; lastKnownFileType = sourcecode.swift; path = HomeVC.swift; sourceTree = "<group>"; };
		AF6DE7502912A490002A2EC8 /* HomeVC.xib */ = {isa = PBXFileReference; lastKnownFileType = file.xib; path = HomeVC.xib; sourceTree = "<group>"; };
		AF6DE7532912A4AD002A2EC8 /* GameVC.swift */ = {isa = PBXFileReference; lastKnownFileType = sourcecode.swift; path = GameVC.swift; sourceTree = "<group>"; };
		AF6DE7542912A4AD002A2EC8 /* GameVC.xib */ = {isa = PBXFileReference; lastKnownFileType = file.xib; path = GameVC.xib; sourceTree = "<group>"; };
		AF8472192915966A00A17837 /* SecondHomeVC.swift */ = {isa = PBXFileReference; lastKnownFileType = sourcecode.swift; path = SecondHomeVC.swift; sourceTree = "<group>"; };
		AF84721A2915966A00A17837 /* SecondHomeVC.xib */ = {isa = PBXFileReference; lastKnownFileType = file.xib; path = SecondHomeVC.xib; sourceTree = "<group>"; };
		AF84721D2915967D00A17837 /* SecondGameVC.swift */ = {isa = PBXFileReference; lastKnownFileType = sourcecode.swift; path = SecondGameVC.swift; sourceTree = "<group>"; };
		AF84721E2915967D00A17837 /* SecondGameVC.xib */ = {isa = PBXFileReference; lastKnownFileType = file.xib; path = SecondGameVC.xib; sourceTree = "<group>"; };
		AFD606752912E26300340A2B /* Jua-Regular.ttf */ = {isa = PBXFileReference; lastKnownFileType = file; name = "Jua-Regular.ttf"; path = "../../../Downloads/jua/Jua-Regular.ttf"; sourceTree = "<group>"; };
/* End PBXFileReference section */

/* Begin PBXFrameworksBuildPhase section */
		AF6DE7352912A33D002A2EC8 /* Frameworks */ = {
			isa = PBXFrameworksBuildPhase;
			buildActionMask = 2147483647;
			files = (
			);
			runOnlyForDeploymentPostprocessing = 0;
		};
/* End PBXFrameworksBuildPhase section */

/* Begin PBXGroup section */
		AF6DE72F2912A33D002A2EC8 = {
			isa = PBXGroup;
			children = (
				AFD606752912E26300340A2B /* Jua-Regular.ttf */,
				AF6DE73A2912A33D002A2EC8 /* tic-tac-toe */,
				AF6DE7392912A33D002A2EC8 /* Products */,
			);
			sourceTree = "<group>";
		};
		AF6DE7392912A33D002A2EC8 /* Products */ = {
			isa = PBXGroup;
			children = (
				AF6DE7382912A33D002A2EC8 /* tic-tac-toe.app */,
			);
			name = Products;
			sourceTree = "<group>";
		};
		AF6DE73A2912A33D002A2EC8 /* tic-tac-toe */ = {
			isa = PBXGroup;
			children = (
				AF6DE73B2912A33D002A2EC8 /* AppDelegate.swift */,
				AF6DE7442912A33E002A2EC8 /* Assets.xcassets */,
				AF6DE7462912A33E002A2EC8 /* LaunchScreen.storyboard */,
				AF6DE7492912A33E002A2EC8 /* Info.plist */,
				AF6DE74F2912A490002A2EC8 /* HomeVC.swift */,
				AF6DE7502912A490002A2EC8 /* HomeVC.xib */,
				AF6DE7532912A4AD002A2EC8 /* GameVC.swift */,
				AF6DE7542912A4AD002A2EC8 /* GameVC.xib */,
				AF8472192915966A00A17837 /* SecondHomeVC.swift */,
				AF84721A2915966A00A17837 /* SecondHomeVC.xib */,
				AF84721D2915967D00A17837 /* SecondGameVC.swift */,
				AF84721E2915967D00A17837 /* SecondGameVC.xib */,
			);
			path = "tic-tac-toe";
			sourceTree = "<group>";
		};
/* End PBXGroup section */

/* Begin PBXNativeTarget section */
		AF6DE7372912A33D002A2EC8 /* tic-tac-toe */ = {
			isa = PBXNativeTarget;
			buildConfigurationList = AF6DE74C2912A33E002A2EC8 /* Build configuration list for PBXNativeTarget "tic-tac-toe" */;
			buildPhases = (
				AF6DE7342912A33D002A2EC8 /* Sources */,
				AF6DE7352912A33D002A2EC8 /* Frameworks */,
				AF6DE7362912A33D002A2EC8 /* Resources */,
			);
			buildRules = (
			);
			dependencies = (
			);
			name = "tic-tac-toe";
			productName = "tic-tac-toe";
			productReference = AF6DE7382912A33D002A2EC8 /* tic-tac-toe.app */;
			productType = "com.apple.product-type.application";
		};
/* End PBXNativeTarget section */

/* Begin PBXProject section */
		AF6DE7302912A33D002A2EC8 /* Project object */ = {
			isa = PBXProject;
			attributes = {
				BuildIndependentTargetsInParallel = 1;
				LastSwiftUpdateCheck = 1340;
				LastUpgradeCheck = 1340;
				TargetAttributes = {
					AF6DE7372912A33D002A2EC8 = {
						CreatedOnToolsVersion = 13.4.1;
					};
				};
			};
			buildConfigurationList = AF6DE7332912A33D002A2EC8 /* Build configuration list for PBXProject "tic-tac-toe" */;
			compatibilityVersion = "Xcode 13.0";
			developmentRegion = en;
			hasScannedForEncodings = 0;
			knownRegions = (
				en,
				Base,
			);
			mainGroup = AF6DE72F2912A33D002A2EC8;
			productRefGroup = AF6DE7392912A33D002A2EC8 /* Products */;
			projectDirPath = "";
			projectRoot = "";
			targets = (
				AF6DE7372912A33D002A2EC8 /* tic-tac-toe */,
			);
		};
/* End PBXProject section */

/* Begin PBXResourcesBuildPhase section */
		AF6DE7362912A33D002A2EC8 /* Resources */ = {
			isa = PBXResourcesBuildPhase;
			buildActionMask = 2147483647;
			files = (
				AF6DE7482912A33E002A2EC8 /* LaunchScreen.storyboard in Resources */,
				AF84721C2915966A00A17837 /* SecondHomeVC.xib in Resources */,
				AF8472202915967D00A17837 /* SecondGameVC.xib in Resources */,
				AF6DE7522912A490002A2EC8 /* HomeVC.xib in Resources */,
				AF6DE7562912A4AD002A2EC8 /* GameVC.xib in Resources */,
				AFD606762912E26300340A2B /* Jua-Regular.ttf in Resources */,
				AF6DE7452912A33E002A2EC8 /* Assets.xcassets in Resources */,
			);
			runOnlyForDeploymentPostprocessing = 0;
		};
/* End PBXResourcesBuildPhase section */

/* Begin PBXSourcesBuildPhase section */
		AF6DE7342912A33D002A2EC8 /* Sources */ = {
			isa = PBXSourcesBuildPhase;
			buildActionMask = 2147483647;
			files = (
				AF6DE73C2912A33D002A2EC8 /* AppDelegate.swift in Sources */,
				AF84721F2915967D00A17837 /* SecondGameVC.swift in Sources */,
				AF6DE7552912A4AD002A2EC8 /* GameVC.swift in Sources */,
				AF6DE7512912A490002A2EC8 /* HomeVC.swift in Sources */,
				AF84721B2915966A00A17837 /* SecondHomeVC.swift in Sources */,
			);
			runOnlyForDeploymentPostprocessing = 0;
		};
/* End PBXSourcesBuildPhase section */

/* Begin PBXVariantGroup section */
		AF6DE7462912A33E002A2EC8 /* LaunchScreen.storyboard */ = {
			isa = PBXVariantGroup;
			children = (
				AF6DE7472912A33E002A2EC8 /* Base */,
			);
			name = LaunchScreen.storyboard;
			sourceTree = "<group>";
		};
/* End PBXVariantGroup section */

/* Begin XCBuildConfiguration section */
		AF6DE74A2912A33E002A2EC8 /* Debug */ = {
			isa = XCBuildConfiguration;
			buildSettings = {
				ALWAYS_SEARCH_USER_PATHS = NO;
				CLANG_ANALYZER_NONNULL = YES;
				CLANG_ANALYZER_NUMBER_OBJECT_CONVERSION = YES_AGGRESSIVE;
				CLANG_CXX_LANGUAGE_STANDARD = "gnu++17";
				CLANG_ENABLE_MODULES = YES;
				CLANG_ENABLE_OBJC_ARC = YES;
				CLANG_ENABLE_OBJC_WEAK = YES;
				CLANG_WARN_BLOCK_CAPTURE_AUTORELEASING = YES;
				CLANG_WARN_BOOL_CONVERSION = YES;
				CLANG_WARN_COMMA = YES;
				CLANG_WARN_CONSTANT_CONVERSION = YES;
				CLANG_WARN_DEPRECATED_OBJC_IMPLEMENTATIONS = YES;
				CLANG_WARN_DIRECT_OBJC_ISA_USAGE = YES_ERROR;
				CLANG_WARN_DOCUMENTATION_COMMENTS = YES;
				CLANG_WARN_EMPTY_BODY = YES;
				CLANG_WARN_ENUM_CONVERSION = YES;
				CLANG_WARN_INFINITE_RECURSION = YES;
				CLANG_WARN_INT_CONVERSION = YES;
				CLANG_WARN_NON_LITERAL_NULL_CONVERSION = YES;
				CLANG_WARN_OBJC_IMPLICIT_RETAIN_SELF = YES;
				CLANG_WARN_OBJC_LITERAL_CONVERSION = YES;
				CLANG_WARN_OBJC_ROOT_CLASS = YES_ERROR;
				CLANG_WARN_QUOTED_INCLUDE_IN_FRAMEWORK_HEADER = YES;
				CLANG_WARN_RANGE_LOOP_ANALYSIS = YES;
				CLANG_WARN_STRICT_PROTOTYPES = YES;
				CLANG_WARN_SUSPICIOUS_MOVE = YES;
				CLANG_WARN_UNGUARDED_AVAILABILITY = YES_AGGRESSIVE;
				CLANG_WARN_UNREACHABLE_CODE = YES;
				CLANG_WARN__DUPLICATE_METHOD_MATCH = YES;
				COPY_PHASE_STRIP = NO;
				DEBUG_INFORMATION_FORMAT = dwarf;
				ENABLE_STRICT_OBJC_MSGSEND = YES;
				ENABLE_TESTABILITY = YES;
				GCC_C_LANGUAGE_STANDARD = gnu11;
				GCC_DYNAMIC_NO_PIC = NO;
				GCC_NO_COMMON_BLOCKS = YES;
				GCC_OPTIMIZATION_LEVEL = 0;
				GCC_PREPROCESSOR_DEFINITIONS = (
					"DEBUG=1",
					"$(inherited)",
				);
				GCC_WARN_64_TO_32_BIT_CONVERSION = YES;
				GCC_WARN_ABOUT_RETURN_TYPE = YES_ERROR;
				GCC_WARN_UNDECLARED_SELECTOR = YES;
				GCC_WARN_UNINITIALIZED_AUTOS = YES_AGGRESSIVE;
				GCC_WARN_UNUSED_FUNCTION = YES;
				GCC_WARN_UNUSED_VARIABLE = YES;
				IPHONEOS_DEPLOYMENT_TARGET = 15.5;
				MTL_ENABLE_DEBUG_INFO = INCLUDE_SOURCE;
				MTL_FAST_MATH = YES;
				ONLY_ACTIVE_ARCH = YES;
				SDKROOT = iphoneos;
				SWIFT_ACTIVE_COMPILATION_CONDITIONS = DEBUG;
				SWIFT_OPTIMIZATION_LEVEL = "-Onone";
			};
			name = Debug;
		};
		AF6DE74B2912A33E002A2EC8 /* Release */ = {
			isa = XCBuildConfiguration;
			buildSettings = {
				ALWAYS_SEARCH_USER_PATHS = NO;
				CLANG_ANALYZER_NONNULL = YES;
				CLANG_ANALYZER_NUMBER_OBJECT_CONVERSION = YES_AGGRESSIVE;
				CLANG_CXX_LANGUAGE_STANDARD = "gnu++17";
				CLANG_ENABLE_MODULES = YES;
				CLANG_ENABLE_OBJC_ARC = YES;
				CLANG_ENABLE_OBJC_WEAK = YES;
				CLANG_WARN_BLOCK_CAPTURE_AUTORELEASING = YES;
				CLANG_WARN_BOOL_CONVERSION = YES;
				CLANG_WARN_COMMA = YES;
				CLANG_WARN_CONSTANT_CONVERSION = YES;
				CLANG_WARN_DEPRECATED_OBJC_IMPLEMENTATIONS = YES;
				CLANG_WARN_DIRECT_OBJC_ISA_USAGE = YES_ERROR;
				CLANG_WARN_DOCUMENTATION_COMMENTS = YES;
				CLANG_WARN_EMPTY_BODY = YES;
				CLANG_WARN_ENUM_CONVERSION = YES;
				CLANG_WARN_INFINITE_RECURSION = YES;
				CLANG_WARN_INT_CONVERSION = YES;
				CLANG_WARN_NON_LITERAL_NULL_CONVERSION = YES;
				CLANG_WARN_OBJC_IMPLICIT_RETAIN_SELF = YES;
				CLANG_WARN_OBJC_LITERAL_CONVERSION = YES;
				CLANG_WARN_OBJC_ROOT_CLASS = YES_ERROR;
				CLANG_WARN_QUOTED_INCLUDE_IN_FRAMEWORK_HEADER = YES;
				CLANG_WARN_RANGE_LOOP_ANALYSIS = YES;
				CLANG_WARN_STRICT_PROTOTYPES = YES;
				CLANG_WARN_SUSPICIOUS_MOVE = YES;
				CLANG_WARN_UNGUARDED_AVAILABILITY = YES_AGGRESSIVE;
				CLANG_WARN_UNREACHABLE_CODE = YES;
				CLANG_WARN__DUPLICATE_METHOD_MATCH = YES;
				COPY_PHASE_STRIP = NO;
				DEBUG_INFORMATION_FORMAT = "dwarf-with-dsym";
				ENABLE_NS_ASSERTIONS = NO;
				ENABLE_STRICT_OBJC_MSGSEND = YES;
				GCC_C_LANGUAGE_STANDARD = gnu11;
				GCC_NO_COMMON_BLOCKS = YES;
				GCC_WARN_64_TO_32_BIT_CONVERSION = YES;
				GCC_WARN_ABOUT_RETURN_TYPE = YES_ERROR;
				GCC_WARN_UNDECLARED_SELECTOR = YES;
				GCC_WARN_UNINITIALIZED_AUTOS = YES_AGGRESSIVE;
				GCC_WARN_UNUSED_FUNCTION = YES;
				GCC_WARN_UNUSED_VARIABLE = YES;
				IPHONEOS_DEPLOYMENT_TARGET = 15.5;
				MTL_ENABLE_DEBUG_INFO = NO;
				MTL_FAST_MATH = YES;
				SDKROOT = iphoneos;
				SWIFT_COMPILATION_MODE = wholemodule;
				SWIFT_OPTIMIZATION_LEVEL = "-O";
				VALIDATE_PRODUCT = YES;
			};
			name = Release;
		};
		AF6DE74D2912A33E002A2EC8 /* Debug */ = {
			isa = XCBuildConfiguration;
			buildSettings = {
				ASSETCATALOG_COMPILER_APPICON_NAME = AppIcon;
				ASSETCATALOG_COMPILER_GLOBAL_ACCENT_COLOR_NAME = AccentColor;
				CODE_SIGN_STYLE = Automatic;
				CURRENT_PROJECT_VERSION = 1;
				GENERATE_INFOPLIST_FILE = YES;
				INFOPLIST_FILE = "tic-tac-toe/Info.plist";
				INFOPLIST_KEY_UIApplicationSupportsIndirectInputEvents = YES;
				INFOPLIST_KEY_UILaunchStoryboardName = LaunchScreen;
				INFOPLIST_KEY_UISupportedInterfaceOrientations_iPad = "UIInterfaceOrientationPortrait UIInterfaceOrientationPortraitUpsideDown UIInterfaceOrientationLandscapeLeft UIInterfaceOrientationLandscapeRight";
				INFOPLIST_KEY_UISupportedInterfaceOrientations_iPhone = "UIInterfaceOrientationPortrait UIInterfaceOrientationLandscapeLeft UIInterfaceOrientationLandscapeRight";
				LD_RUNPATH_SEARCH_PATHS = (
					"$(inherited)",
					"@executable_path/Frameworks",
				);
				MARKETING_VERSION = 1.0;
				PRODUCT_BUNDLE_IDENTIFIER = "Rounded-LLC.tic-tac-toe";
				PRODUCT_NAME = "$(TARGET_NAME)";
				SWIFT_EMIT_LOC_STRINGS = YES;
				SWIFT_VERSION = 5.0;
				TARGETED_DEVICE_FAMILY = "1,2";
			};
			name = Debug;
		};
		AF6DE74E2912A33E002A2EC8 /* Release */ = {
			isa = XCBuildConfiguration;
			buildSettings = {
				ASSETCATALOG_COMPILER_APPICON_NAME = AppIcon;
				ASSETCATALOG_COMPILER_GLOBAL_ACCENT_COLOR_NAME = AccentColor;
				CODE_SIGN_STYLE = Automatic;
				CURRENT_PROJECT_VERSION = 1;
				GENERATE_INFOPLIST_FILE = YES;
				INFOPLIST_FILE = "tic-tac-toe/Info.plist";
				INFOPLIST_KEY_UIApplicationSupportsIndirectInputEvents = YES;
				INFOPLIST_KEY_UILaunchStoryboardName = LaunchScreen;
				INFOPLIST_KEY_UISupportedInterfaceOrientations_iPad = "UIInterfaceOrientationPortrait UIInterfaceOrientationPortraitUpsideDown UIInterfaceOrientationLandscapeLeft UIInterfaceOrientationLandscapeRight";
				INFOPLIST_KEY_UISupportedInterfaceOrientations_iPhone = "UIInterfaceOrientationPortrait UIInterfaceOrientationLandscapeLeft UIInterfaceOrientationLandscapeRight";
				LD_RUNPATH_SEARCH_PATHS = (
					"$(inherited)",
					"@executable_path/Frameworks",
				);
				MARKETING_VERSION = 1.0;
				PRODUCT_BUNDLE_IDENTIFIER = "Rounded-LLC.tic-tac-toe";
				PRODUCT_NAME = "$(TARGET_NAME)";
				SWIFT_EMIT_LOC_STRINGS = YES;
				SWIFT_VERSION = 5.0;
				TARGETED_DEVICE_FAMILY = "1,2";
			};
			name = Release;
		};
/* End XCBuildConfiguration section */

/* Begin XCConfigurationList section */
		AF6DE7332912A33D002A2EC8 /* Build configuration list for PBXProject "tic-tac-toe" */ = {
			isa = XCConfigurationList;
			buildConfigurations = (
				AF6DE74A2912A33E002A2EC8 /* Debug */,
				AF6DE74B2912A33E002A2EC8 /* Release */,
			);
			defaultConfigurationIsVisible = 0;
			defaultConfigurationName = Release;
		};
		AF6DE74C2912A33E002A2EC8 /* Build configuration list for PBXNativeTarget "tic-tac-toe" */ = {
			isa = XCConfigurationList;
			buildConfigurations = (
				AF6DE74D2912A33E002A2EC8 /* Debug */,
				AF6DE74E2912A33E002A2EC8 /* Release */,
			);
			defaultConfigurationIsVisible = 0;
			defaultConfigurationName = Release;
		};
/* End XCConfigurationList section */
	};
	rootObject = AF6DE7302912A33D002A2EC8 /* Project object */;
}
